
Microsoft Visual Studio Solution File, Format Version 12.00
# Visual Studio 2012
Project("{FAE04EC0-301F-11D3-BF4B-00C04F79EFBC}") = "BopscotchFREE", "BopscotchFREE\BopscotchFREE.csproj", "{62453ABF-21B9-4E6E-AD36-553A36E1DFE0}"
EndProject
Project("{FAE04EC0-301F-11D3-BF4B-00C04F79EFBC}") = "Core", "Core\Core.csproj", "{CE65410D-C144-4738-BB11-9EBC95D93F2D}"
EndProject
Project("{FAE04EC0-301F-11D3-BF4B-00C04F79EFBC}") = "MonoGame.Framework.iOS", "..\..\Leda Entertainment\MonoGame-develop\MonoGame.Framework\MonoGame.Framework.iOS.csproj", "{DB8508BB-9849-4CC2-BC0F-8EB5DACB3C47}"
EndProject
Global
	GlobalSection(SolutionConfigurationPlatforms) = preSolution
		Debug|iPhoneSimulator = Debug|iPhoneSimulator
		Release|iPhone = Release|iPhone
		Release|iPhoneSimulator = Release|iPhoneSimulator
		Debug|iPhone = Debug|iPhone
		Ad-Hoc|iPhone = Ad-Hoc|iPhone
		AppStore|iPhone = AppStore|iPhone
	EndGlobalSection
	GlobalSection(ProjectConfigurationPlatforms) = postSolution
		{62453ABF-21B9-4E6E-AD36-553A36E1DFE0}.Ad-Hoc|iPhone.ActiveCfg = Release|iPhone
		{62453ABF-21B9-4E6E-AD36-553A36E1DFE0}.Ad-Hoc|iPhone.Build.0 = Release|iPhone
		{62453ABF-21B9-4E6E-AD36-553A36E1DFE0}.AppStore|iPhone.ActiveCfg = Release|iPhone
		{62453ABF-21B9-4E6E-AD36-553A36E1DFE0}.AppStore|iPhone.Build.0 = Release|iPhone
		{62453ABF-21B9-4E6E-AD36-553A36E1DFE0}.Debug|iPhone.ActiveCfg = Debug|iPhone
		{62453ABF-21B9-4E6E-AD36-553A36E1DFE0}.Debug|iPhone.Build.0 = Debug|iPhone
		{62453ABF-21B9-4E6E-AD36-553A36E1DFE0}.Debug|iPhoneSimulator.ActiveCfg = Debug|iPhoneSimulator
		{62453ABF-21B9-4E6E-AD36-553A36E1DFE0}.Debug|iPhoneSimulator.Build.0 = Debug|iPhoneSimulator
		{62453ABF-21B9-4E6E-AD36-553A36E1DFE0}.Release|iPhone.ActiveCfg = Release|iPhone
		{62453ABF-21B9-4E6E-AD36-553A36E1DFE0}.Release|iPhone.Build.0 = Release|iPhone
		{62453ABF-21B9-4E6E-AD36-553A36E1DFE0}.Release|iPhoneSimulator.ActiveCfg = Release|iPhoneSimulator
		{62453ABF-21B9-4E6E-AD36-553A36E1DFE0}.Release|iPhoneSimulator.Build.0 = Release|iPhoneSimulator
		{CE65410D-C144-4738-BB11-9EBC95D93F2D}.Ad-Hoc|iPhone.ActiveCfg = Debug|Any CPU
		{CE65410D-C144-4738-BB11-9EBC95D93F2D}.Ad-Hoc|iPhone.Build.0 = Debug|Any CPU
		{CE65410D-C144-4738-BB11-9EBC95D93F2D}.AppStore|iPhone.ActiveCfg = Debug|Any CPU
		{CE65410D-C144-4738-BB11-9EBC95D93F2D}.AppStore|iPhone.Build.0 = Debug|Any CPU
		{CE65410D-C144-4738-BB11-9EBC95D93F2D}.Debug|iPhone.ActiveCfg = Debug|Any CPU
		{CE65410D-C144-4738-BB11-9EBC95D93F2D}.Debug|iPhone.Build.0 = Debug|Any CPU
		{CE65410D-C144-4738-BB11-9EBC95D93F2D}.Debug|iPhoneSimulator.ActiveCfg = Debug|Any CPU
		{CE65410D-C144-4738-BB11-9EBC95D93F2D}.Debug|iPhoneSimulator.Build.0 = Debug|Any CPU
		{CE65410D-C144-4738-BB11-9EBC95D93F2D}.Release|iPhone.ActiveCfg = Release|Any CPU
		{CE65410D-C144-4738-BB11-9EBC95D93F2D}.Release|iPhone.Build.0 = Release|Any CPU
		{CE65410D-C144-4738-BB11-9EBC95D93F2D}.Release|iPhoneSimulator.ActiveCfg = Release|Any CPU
		{CE65410D-C144-4738-BB11-9EBC95D93F2D}.Release|iPhoneSimulator.Build.0 = Release|Any CPU
		{DB8508BB-9849-4CC2-BC0F-8EB5DACB3C47}.Ad-Hoc|iPhone.ActiveCfg = Ad-Hoc|iPhone
		{DB8508BB-9849-4CC2-BC0F-8EB5DACB3C47}.Ad-Hoc|iPhone.Build.0 = Ad-Hoc|iPhone
		{DB8508BB-9849-4CC2-BC0F-8EB5DACB3C47}.AppStore|iPhone.ActiveCfg = AppStore|iPhone
		{DB8508BB-9849-4CC2-BC0F-8EB5DACB3C47}.AppStore|iPhone.Build.0 = AppStore|iPhone
		{DB8508BB-9849-4CC2-BC0F-8EB5DACB3C47}.Debug|iPhone.ActiveCfg = Debug|iPhone
		{DB8508BB-9849-4CC2-BC0F-8EB5DACB3C47}.Debug|iPhone.Build.0 = Debug|iPhone
		{DB8508BB-9849-4CC2-BC0F-8EB5DACB3C47}.Debug|iPhoneSimulator.ActiveCfg = Debug|iPhoneSimulator
		{DB8508BB-9849-4CC2-BC0F-8EB5DACB3C47}.Debug|iPhoneSimulator.Build.0 = Debug|iPhoneSimulator
		{DB8508BB-9849-4CC2-BC0F-8EB5DACB3C47}.Release|iPhone.ActiveCfg = Release|iPhone
		{DB8508BB-9849-4CC2-BC0F-8EB5DACB3C47}.Release|iPhone.Build.0 = Release|iPhone
		{DB8508BB-9849-4CC2-BC0F-8EB5DACB3C47}.Release|iPhoneSimulator.ActiveCfg = Release|iPhoneSimulator
		{DB8508BB-9849-4CC2-BC0F-8EB5DACB3C47}.Release|iPhoneSimulator.Build.0 = Release|iPhoneSimulator
	EndGlobalSection
EndGlobal
